
Microsoft Visual Studio Solution File, Format Version 12.00
# Visual Studio Version 17
VisualStudioVersion = 17.10.35122.118
MinimumVisualStudioVersion = 10.0.40219.1
Project("{9A19103F-16F7-4668-BE54-9A1E7A4F7556}") = "RalfyGenao_Ap1_P1", "RalfyGenao_Ap1_P1.csproj", "{CCCFC17E-F825-4CF1-B4AA-ACF8459BBB2D}"
EndProject
Global
	GlobalSection(SolutionConfigurationPlatforms) = preSolution
		Debug|Any CPU = Debug|Any CPU
		Release|Any CPU = Release|Any CPU
	EndGlobalSection
	GlobalSection(ProjectConfigurationPlatforms) = postSolution
		{CCCFC17E-F825-4CF1-B4AA-ACF8459BBB2D}.Debug|Any CPU.ActiveCfg = Debug|Any CPU
		{CCCFC17E-F825-4CF1-B4AA-ACF8459BBB2D}.Debug|Any CPU.Build.0 = Debug|Any CPU
		{CCCFC17E-F825-4CF1-B4AA-ACF8459BBB2D}.Release|Any CPU.ActiveCfg = Release|Any CPU
		{CCCFC17E-F825-4CF1-B4AA-ACF8459BBB2D}.Release|Any CPU.Build.0 = Release|Any CPU
	EndGlobalSection
	GlobalSection(SolutionProperties) = preSolution
		HideSolutionNode = FALSE
	EndGlobalSection
	GlobalSection(ExtensibilityGlobals) = postSolution
		SolutionGuid = {7A4BED34-649A-4640-8FC9-5811B2C8A9E4}
	EndGlobalSection
EndGlobal
